
Microsoft Visual Studio Solution File, Format Version 12.00
Project("{FAE04EC0-301F-11D3-BF4B-00C04F79EFBC}") = "Validate Credit Card Number", "Validate Credit Card Number\Validate Credit Card Number.csproj", "{D376E704-0B7D-480B-B7B9-097818A1D751}"
EndProject
Project("{FAE04EC0-301F-11D3-BF4B-00C04F79EFBC}") = "Validate Credit Card Number.Test", "Validate Credit Card Number.Test\Validate Credit Card Number.Test.csproj", "{0BCAEF22-6E64-45EB-A80D-3CDFEFCE36FB}"
EndProject
Global
	GlobalSection(SolutionConfigurationPlatforms) = preSolution
		Debug|Any CPU = Debug|Any CPU
		Release|Any CPU = Release|Any CPU
	EndGlobalSection
	GlobalSection(ProjectConfigurationPlatforms) = postSolution
		{D376E704-0B7D-480B-B7B9-097818A1D751}.Debug|Any CPU.ActiveCfg = Debug|Any CPU
		{D376E704-0B7D-480B-B7B9-097818A1D751}.Debug|Any CPU.Build.0 = Debug|Any CPU
		{D376E704-0B7D-480B-B7B9-097818A1D751}.Release|Any CPU.ActiveCfg = Release|Any CPU
		{D376E704-0B7D-480B-B7B9-097818A1D751}.Release|Any CPU.Build.0 = Release|Any CPU
		{0BCAEF22-6E64-45EB-A80D-3CDFEFCE36FB}.Debug|Any CPU.ActiveCfg = Debug|Any CPU
		{0BCAEF22-6E64-45EB-A80D-3CDFEFCE36FB}.Debug|Any CPU.Build.0 = Debug|Any CPU
		{0BCAEF22-6E64-45EB-A80D-3CDFEFCE36FB}.Release|Any CPU.ActiveCfg = Release|Any CPU
		{0BCAEF22-6E64-45EB-A80D-3CDFEFCE36FB}.Release|Any CPU.Build.0 = Release|Any CPU
	EndGlobalSection
EndGlobal
