
Microsoft Visual Studio Solution File, Format Version 12.00
Project("{FAE04EC0-301F-11D3-BF4B-00C04F79EFBC}") = "Greed is Good", "Greed is Good\Greed is Good.csproj", "{46ED1FAE-EBE3-4E89-A75C-921A2FD860F4}"
EndProject
Project("{FAE04EC0-301F-11D3-BF4B-00C04F79EFBC}") = "TestProject1", "TestProject1\TestProject1.csproj", "{BC04768B-4FB8-40D9-A132-10E3E1503666}"
EndProject
Global
	GlobalSection(SolutionConfigurationPlatforms) = preSolution
		Debug|Any CPU = Debug|Any CPU
		Release|Any CPU = Release|Any CPU
	EndGlobalSection
	GlobalSection(ProjectConfigurationPlatforms) = postSolution
		{46ED1FAE-EBE3-4E89-A75C-921A2FD860F4}.Debug|Any CPU.ActiveCfg = Debug|Any CPU
		{46ED1FAE-EBE3-4E89-A75C-921A2FD860F4}.Debug|Any CPU.Build.0 = Debug|Any CPU
		{46ED1FAE-EBE3-4E89-A75C-921A2FD860F4}.Release|Any CPU.ActiveCfg = Release|Any CPU
		{46ED1FAE-EBE3-4E89-A75C-921A2FD860F4}.Release|Any CPU.Build.0 = Release|Any CPU
		{BC04768B-4FB8-40D9-A132-10E3E1503666}.Debug|Any CPU.ActiveCfg = Debug|Any CPU
		{BC04768B-4FB8-40D9-A132-10E3E1503666}.Debug|Any CPU.Build.0 = Debug|Any CPU
		{BC04768B-4FB8-40D9-A132-10E3E1503666}.Release|Any CPU.ActiveCfg = Release|Any CPU
		{BC04768B-4FB8-40D9-A132-10E3E1503666}.Release|Any CPU.Build.0 = Release|Any CPU
	EndGlobalSection
EndGlobal
