
Microsoft Visual Studio Solution File, Format Version 12.00
Project("{FAE04EC0-301F-11D3-BF4B-00C04F79EFBC}") = "Count IP Addresses", "Count IP Addresses\Count IP Addresses.csproj", "{E1DED361-52E2-4184-BA27-9F0295FC52F3}"
EndProject
Project("{FAE04EC0-301F-11D3-BF4B-00C04F79EFBC}") = "TestProject1", "TestProject1\TestProject1.csproj", "{7217F024-7483-49C7-8EB0-800F6731F724}"
EndProject
Global
	GlobalSection(SolutionConfigurationPlatforms) = preSolution
		Debug|Any CPU = Debug|Any CPU
		Release|Any CPU = Release|Any CPU
	EndGlobalSection
	GlobalSection(ProjectConfigurationPlatforms) = postSolution
		{E1DED361-52E2-4184-BA27-9F0295FC52F3}.Debug|Any CPU.ActiveCfg = Debug|Any CPU
		{E1DED361-52E2-4184-BA27-9F0295FC52F3}.Debug|Any CPU.Build.0 = Debug|Any CPU
		{E1DED361-52E2-4184-BA27-9F0295FC52F3}.Release|Any CPU.ActiveCfg = Release|Any CPU
		{E1DED361-52E2-4184-BA27-9F0295FC52F3}.Release|Any CPU.Build.0 = Release|Any CPU
		{7217F024-7483-49C7-8EB0-800F6731F724}.Debug|Any CPU.ActiveCfg = Debug|Any CPU
		{7217F024-7483-49C7-8EB0-800F6731F724}.Debug|Any CPU.Build.0 = Debug|Any CPU
		{7217F024-7483-49C7-8EB0-800F6731F724}.Release|Any CPU.ActiveCfg = Release|Any CPU
		{7217F024-7483-49C7-8EB0-800F6731F724}.Release|Any CPU.Build.0 = Release|Any CPU
	EndGlobalSection
EndGlobal
