
Microsoft Visual Studio Solution File, Format Version 12.00
# Visual Studio Version 16
VisualStudioVersion = 16.0.29905.134
MinimumVisualStudioVersion = 10.0.40219.1
Project("{FAE04EC0-301F-11D3-BF4B-00C04F79EFBC}") = "Maximum Multiple", "Maximum Multiple\Maximum Multiple.csproj", "{181E446A-303B-43BE-AF80-361C068DFB61}"
EndProject
Global
	GlobalSection(SolutionConfigurationPlatforms) = preSolution
		Debug|Any CPU = Debug|Any CPU
		Release|Any CPU = Release|Any CPU
	EndGlobalSection
	GlobalSection(ProjectConfigurationPlatforms) = postSolution
		{181E446A-303B-43BE-AF80-361C068DFB61}.Debug|Any CPU.ActiveCfg = Debug|Any CPU
		{181E446A-303B-43BE-AF80-361C068DFB61}.Debug|Any CPU.Build.0 = Debug|Any CPU
		{181E446A-303B-43BE-AF80-361C068DFB61}.Release|Any CPU.ActiveCfg = Release|Any CPU
		{181E446A-303B-43BE-AF80-361C068DFB61}.Release|Any CPU.Build.0 = Release|Any CPU
	EndGlobalSection
	GlobalSection(SolutionProperties) = preSolution
		HideSolutionNode = FALSE
	EndGlobalSection
	GlobalSection(ExtensibilityGlobals) = postSolution
		SolutionGuid = {F99B1A00-0A59-487B-9ECC-FF598496CBD4}
	EndGlobalSection
EndGlobal
