
Microsoft Visual Studio Solution File, Format Version 12.00
# Visual Studio Version 16
VisualStudioVersion = 16.0.29905.134
MinimumVisualStudioVersion = 10.0.40219.1
Project("{FAE04EC0-301F-11D3-BF4B-00C04F79EFBC}") = "Backspaces in string", "Backspaces in string\Backspaces in string.csproj", "{BA31A0C5-7B4A-4BD6-9D06-9E2CEF71BE60}"
EndProject
Global
	GlobalSection(SolutionConfigurationPlatforms) = preSolution
		Debug|Any CPU = Debug|Any CPU
		Release|Any CPU = Release|Any CPU
	EndGlobalSection
	GlobalSection(ProjectConfigurationPlatforms) = postSolution
		{BA31A0C5-7B4A-4BD6-9D06-9E2CEF71BE60}.Debug|Any CPU.ActiveCfg = Debug|Any CPU
		{BA31A0C5-7B4A-4BD6-9D06-9E2CEF71BE60}.Debug|Any CPU.Build.0 = Debug|Any CPU
		{BA31A0C5-7B4A-4BD6-9D06-9E2CEF71BE60}.Release|Any CPU.ActiveCfg = Release|Any CPU
		{BA31A0C5-7B4A-4BD6-9D06-9E2CEF71BE60}.Release|Any CPU.Build.0 = Release|Any CPU
	EndGlobalSection
	GlobalSection(SolutionProperties) = preSolution
		HideSolutionNode = FALSE
	EndGlobalSection
	GlobalSection(ExtensibilityGlobals) = postSolution
		SolutionGuid = {42B07CA3-DC17-4D89-83EA-A3F7EA4CF3F8}
	EndGlobalSection
EndGlobal
