
Microsoft Visual Studio Solution File, Format Version 12.00
# Visual Studio Version 16
VisualStudioVersion = 16.0.29905.134
MinimumVisualStudioVersion = 10.0.40219.1
Project("{FAE04EC0-301F-11D3-BF4B-00C04F79EFBC}") = "WatermelonDevide", "WatermelonDevide\WatermelonDevide.csproj", "{2C46E199-D51A-4891-A6B2-2F52F5993E3E}"
EndProject
Global
	GlobalSection(SolutionConfigurationPlatforms) = preSolution
		Debug|Any CPU = Debug|Any CPU
		Release|Any CPU = Release|Any CPU
	EndGlobalSection
	GlobalSection(ProjectConfigurationPlatforms) = postSolution
		{2C46E199-D51A-4891-A6B2-2F52F5993E3E}.Debug|Any CPU.ActiveCfg = Debug|Any CPU
		{2C46E199-D51A-4891-A6B2-2F52F5993E3E}.Debug|Any CPU.Build.0 = Debug|Any CPU
		{2C46E199-D51A-4891-A6B2-2F52F5993E3E}.Release|Any CPU.ActiveCfg = Release|Any CPU
		{2C46E199-D51A-4891-A6B2-2F52F5993E3E}.Release|Any CPU.Build.0 = Release|Any CPU
	EndGlobalSection
	GlobalSection(SolutionProperties) = preSolution
		HideSolutionNode = FALSE
	EndGlobalSection
	GlobalSection(ExtensibilityGlobals) = postSolution
		SolutionGuid = {DF11A88C-CF71-4371-BA27-5B7DEAABAD1C}
	EndGlobalSection
EndGlobal
